{
  "name": "tiemayi",
  "version": "1.0.0",
  "lockfileVersion": 1,
  "requires": true,
  "dependencies": {
    "@types/uni-app": {
      "version": "1.4.1",
      "resolved": "https://registry.npmjs.org/@types/uni-app/-/uni-app-1.4.1.tgz",
      "integrity": "sha512-wO0HQ/qrLuSqIdWkqC8hdaZKsVF1NXEf/YmCGhFtXMtNj1fXkcK8kELiPYUlYW10PNl4CZ6qcPxoD3bURxBRdg==",
      "dev": true,
      "requires": {
        "vue": "^2.6.8"
      }
    },
    "vue": {
      "version": "2.6.11",
      "resolved": "https://registry.npmjs.org/vue/-/vue-2.6.11.tgz",
      "integrity": "sha512-VfPwgcGABbGAue9+sfrD4PuwFar7gPb1yl1UK1MwXoQPAw0BKSqWfoYCT/ThFrdEVWoI51dBuyCoiNU9bZDZxQ==",
      "dev": true
    }
  }
}
